// !$*UTF8*$!
{
	archiveVersion = 1;
	classes = {
	};
	objectVersion = 51;
	objects = {

/* Begin PBXBuildFile section */
		00D3BF14980FCAC8BEE3C591 /* Expectations.swift in Sources */ = {isa = PBXBuildFile; fileRef = 7784927B2F41BF6FE65B94B2 /* Expectations.swift */; };
		0FC6CC5C7235615BFB91541D /* Preview Assets.xcassets in Resources */ = {isa = PBXBuildFile; fileRef = 5D0E89F94E336AA7E61109B0 /* Preview Assets.xcassets */; };
		17CFD59F105C2A9F95A87BC5 /* Networking.swift in Sources */ = {isa = PBXBuildFile; fileRef = 3A2CC419A9BB5D4DF2839657 /* Networking.swift */; };
		2A5DECC064A3821E9CF8E7DA /* ApiClientProtocol+Support.swift in Sources */ = {isa = PBXBuildFile; fileRef = 80852B854658D2878BEB3D51 /* ApiClientProtocol+Support.swift */; };
		2A7412213435087D7CC92D47 /* GetLast30ExchangeRates.json in Resources */ = {isa = PBXBuildFile; fileRef = 8B669DACBE536B695E5B0772 /* GetLast30ExchangeRates.json */; };
		301FBC8EDBE41F9BCFA28802 /* ContentView.swift in Sources */ = {isa = PBXBuildFile; fileRef = B63B75B3B10B54DCB9C66F96 /* ContentView.swift */; };
		37432EAF8FFFDE8E00D53CC9 /* Networking.framework in Frameworks */ = {isa = PBXBuildFile; fileRef = A6DE520BEE8E0A86AD32027C /* Networking.framework */; };
		3FB3C8C0634A765EE81D042E /* Assets.xcassets in Resources */ = {isa = PBXBuildFile; fileRef = 76989E05CECAD7B8B3C424A7 /* Assets.xcassets */; };
		44CEACF7658682A3D5AC07C8 /* GetAllCurrencies.swift in Sources */ = {isa = PBXBuildFile; fileRef = 24E1F3CC164D60CD0073E2C3 /* GetAllCurrencies.swift */; };
		52C676EC8F8D1F97829064DD /* ApiClient.swift in Sources */ = {isa = PBXBuildFile; fileRef = 0B49CD8B8DC287CF06AA7573 /* ApiClient.swift */; };
		536A0124AEE8238F94682478 /* ApiClientStub.swift in Sources */ = {isa = PBXBuildFile; fileRef = B2289B72D13571904D7EAB44 /* ApiClientStub.swift */; };
		666750B981099CB89F932D61 /* GetLast30ExchangeRates.swift in Sources */ = {isa = PBXBuildFile; fileRef = CA869305FE6802042851B14A /* GetLast30ExchangeRates.swift */; };
		66D7E766B3B218BC3C4AC90D /* Decodable+Extensions.swift in Sources */ = {isa = PBXBuildFile; fileRef = 783AA8B94CBEC2DAE739F892 /* Decodable+Extensions.swift */; };
		6875F00AE665E4D4D1F4260A /* URLRequest+ExpressibleByStringLiteral.swift in Sources */ = {isa = PBXBuildFile; fileRef = B3A1D5E127BB16650C82016E /* URLRequest+ExpressibleByStringLiteral.swift */; };
		95779CB158CD24CE49ECACC1 /* GetLast30ExchangeRates.json in Resources */ = {isa = PBXBuildFile; fileRef = 8B669DACBE536B695E5B0772 /* GetLast30ExchangeRates.json */; };
		AF1287A53ABD1ACF26047035 /* WalutatorApp.swift in Sources */ = {isa = PBXBuildFile; fileRef = 28684606E1C783C57598F8B7 /* WalutatorApp.swift */; };
		B28F0D3C294DC04CA37D9805 /* GetAllCurrenciesTests.swift in Sources */ = {isa = PBXBuildFile; fileRef = 0E85DB78F8DC6745E1CC844B /* GetAllCurrenciesTests.swift */; };
		B4D4D186D2E47349E58B5223 /* GetLast30ExchangeRatesTests.swift in Sources */ = {isa = PBXBuildFile; fileRef = E72DC09DBD6E2337847FDAF2 /* GetLast30ExchangeRatesTests.swift */; };
		DE813872066B4387DA73D4B2 /* GetAllCurrencies.json in Resources */ = {isa = PBXBuildFile; fileRef = 85CC23091C2EF0B03B18C976 /* GetAllCurrencies.json */; };
		FC42F7EA38892CBA5FC01DC9 /* GetAllCurrencies.json in Resources */ = {isa = PBXBuildFile; fileRef = 85CC23091C2EF0B03B18C976 /* GetAllCurrencies.json */; };
/* End PBXBuildFile section */

/* Begin PBXContainerItemProxy section */
		C568E7035ABD91A55DFA5B41 /* PBXContainerItemProxy */ = {
			isa = PBXContainerItemProxy;
			containerPortal = 6B590BF25178DC7D824D09CE /* Project object */;
			proxyType = 1;
			remoteGlobalIDString = 81ECD9C4715F4B7F5E4DF21B;
			remoteInfo = Networking;
		};
/* End PBXContainerItemProxy section */

/* Begin PBXFileReference section */
		0B49CD8B8DC287CF06AA7573 /* ApiClient.swift */ = {isa = PBXFileReference; lastKnownFileType = sourcecode.swift; path = ApiClient.swift; sourceTree = "<group>"; };
		0E85DB78F8DC6745E1CC844B /* GetAllCurrenciesTests.swift */ = {isa = PBXFileReference; lastKnownFileType = sourcecode.swift; path = GetAllCurrenciesTests.swift; sourceTree = "<group>"; };
		24E1F3CC164D60CD0073E2C3 /* GetAllCurrencies.swift */ = {isa = PBXFileReference; lastKnownFileType = sourcecode.swift; path = GetAllCurrencies.swift; sourceTree = "<group>"; };
		28684606E1C783C57598F8B7 /* WalutatorApp.swift */ = {isa = PBXFileReference; lastKnownFileType = sourcecode.swift; path = WalutatorApp.swift; sourceTree = "<group>"; };
		2AD26C43B70167A3B4785C0A /* NetworkingTests.xctest */ = {isa = PBXFileReference; includeInIndex = 0; lastKnownFileType = wrapper.cfbundle; path = NetworkingTests.xctest; sourceTree = BUILT_PRODUCTS_DIR; };
		3A2CC419A9BB5D4DF2839657 /* Networking.swift */ = {isa = PBXFileReference; lastKnownFileType = sourcecode.swift; path = Networking.swift; sourceTree = "<group>"; };
		49D88A349FD70A9153DD2C03 /* App.app */ = {isa = PBXFileReference; includeInIndex = 0; lastKnownFileType = wrapper.application; path = App.app; sourceTree = BUILT_PRODUCTS_DIR; };
		5D0E89F94E336AA7E61109B0 /* Preview Assets.xcassets */ = {isa = PBXFileReference; lastKnownFileType = folder.assetcatalog; path = "Preview Assets.xcassets"; sourceTree = "<group>"; };
		70FBD15B60B003AAE2FE5530 /* Info.plist */ = {isa = PBXFileReference; lastKnownFileType = text.plist; path = Info.plist; sourceTree = "<group>"; };
		76989E05CECAD7B8B3C424A7 /* Assets.xcassets */ = {isa = PBXFileReference; lastKnownFileType = folder.assetcatalog; path = Assets.xcassets; sourceTree = "<group>"; };
		7784927B2F41BF6FE65B94B2 /* Expectations.swift */ = {isa = PBXFileReference; lastKnownFileType = sourcecode.swift; path = Expectations.swift; sourceTree = "<group>"; };
		783AA8B94CBEC2DAE739F892 /* Decodable+Extensions.swift */ = {isa = PBXFileReference; lastKnownFileType = sourcecode.swift; path = "Decodable+Extensions.swift"; sourceTree = "<group>"; };
		80852B854658D2878BEB3D51 /* ApiClientProtocol+Support.swift */ = {isa = PBXFileReference; lastKnownFileType = sourcecode.swift; path = "ApiClientProtocol+Support.swift"; sourceTree = "<group>"; };
		85CC23091C2EF0B03B18C976 /* GetAllCurrencies.json */ = {isa = PBXFileReference; lastKnownFileType = text.json; path = GetAllCurrencies.json; sourceTree = "<group>"; };
		8B669DACBE536B695E5B0772 /* GetLast30ExchangeRates.json */ = {isa = PBXFileReference; lastKnownFileType = text.json; path = GetLast30ExchangeRates.json; sourceTree = "<group>"; };
		A6DE520BEE8E0A86AD32027C /* Networking.framework */ = {isa = PBXFileReference; explicitFileType = wrapper.framework; includeInIndex = 0; path = Networking.framework; sourceTree = BUILT_PRODUCTS_DIR; };
		B2289B72D13571904D7EAB44 /* ApiClientStub.swift */ = {isa = PBXFileReference; lastKnownFileType = sourcecode.swift; path = ApiClientStub.swift; sourceTree = "<group>"; };
		B3A1D5E127BB16650C82016E /* URLRequest+ExpressibleByStringLiteral.swift */ = {isa = PBXFileReference; lastKnownFileType = sourcecode.swift; path = "URLRequest+ExpressibleByStringLiteral.swift"; sourceTree = "<group>"; };
		B63B75B3B10B54DCB9C66F96 /* ContentView.swift */ = {isa = PBXFileReference; lastKnownFileType = sourcecode.swift; path = ContentView.swift; sourceTree = "<group>"; };
		CA869305FE6802042851B14A /* GetLast30ExchangeRates.swift */ = {isa = PBXFileReference; lastKnownFileType = sourcecode.swift; path = GetLast30ExchangeRates.swift; sourceTree = "<group>"; };
		E72DC09DBD6E2337847FDAF2 /* GetLast30ExchangeRatesTests.swift */ = {isa = PBXFileReference; lastKnownFileType = sourcecode.swift; path = GetLast30ExchangeRatesTests.swift; sourceTree = "<group>"; };
/* End PBXFileReference section */

/* Begin PBXFrameworksBuildPhase section */
		BC0DC3536DED64E0E8C9923E /* Frameworks */ = {
			isa = PBXFrameworksBuildPhase;
			buildActionMask = 2147483647;
			files = (
				37432EAF8FFFDE8E00D53CC9 /* Networking.framework in Frameworks */,
			);
			runOnlyForDeploymentPostprocessing = 0;
		};
/* End PBXFrameworksBuildPhase section */

/* Begin PBXGroup section */
		088917E5EFF0B2BDF4C9B5AF /* Networking */ = {
			isa = PBXGroup;
			children = (
				3E6DDA1542D292D7A3DD67CA /* API */,
				291FC64B540892DF5AC0B4C8 /* ApiClient */,
				DF20D42BD21D1F59E94906D8 /* Extensions */,
				EA9E631D951F7F874B407A80 /* Injection */,
				8F23D5011891D2D469C193A2 /* Stub */,
			);
			path = Networking;
			sourceTree = "<group>";
		};
		0FE0C53AED56B82DB73439CB /* Support */ = {
			isa = PBXGroup;
			children = (
				80852B854658D2878BEB3D51 /* ApiClientProtocol+Support.swift */,
				7784927B2F41BF6FE65B94B2 /* Expectations.swift */,
			);
			path = Support;
			sourceTree = "<group>";
		};
		291FC64B540892DF5AC0B4C8 /* ApiClient */ = {
			isa = PBXGroup;
			children = (
				0B49CD8B8DC287CF06AA7573 /* ApiClient.swift */,
			);
			path = ApiClient;
			sourceTree = "<group>";
		};
		3E6DDA1542D292D7A3DD67CA /* API */ = {
			isa = PBXGroup;
			children = (
				24E1F3CC164D60CD0073E2C3 /* GetAllCurrencies.swift */,
				CA869305FE6802042851B14A /* GetLast30ExchangeRates.swift */,
			);
			path = API;
			sourceTree = "<group>";
		};
		4102E3E068508DD683953C7D = {
			isa = PBXGroup;
			children = (
				443E9F32F0EC65EEBF466F3B /* App */,
				088917E5EFF0B2BDF4C9B5AF /* Networking */,
				782A55F2F97E0F2677F0D073 /* NetworkingTests */,
				F7564104E5288B3BF50E3C88 /* Resources */,
				E9C3DB3EC6D7655028A9C0D3 /* Products */,
			);
			sourceTree = "<group>";
		};
		443E9F32F0EC65EEBF466F3B /* App */ = {
			isa = PBXGroup;
			children = (
				76989E05CECAD7B8B3C424A7 /* Assets.xcassets */,
				B63B75B3B10B54DCB9C66F96 /* ContentView.swift */,
				70FBD15B60B003AAE2FE5530 /* Info.plist */,
				28684606E1C783C57598F8B7 /* WalutatorApp.swift */,
				A451219C461C373222F4B4E1 /* Preview Content */,
			);
			path = App;
			sourceTree = "<group>";
		};
		782A55F2F97E0F2677F0D073 /* NetworkingTests */ = {
			isa = PBXGroup;
			children = (
				0FE0C53AED56B82DB73439CB /* Support */,
				80AFA0DF2738E46BB3741658 /* Tests */,
			);
			path = NetworkingTests;
			sourceTree = "<group>";
		};
		80AFA0DF2738E46BB3741658 /* Tests */ = {
			isa = PBXGroup;
			children = (
				0E85DB78F8DC6745E1CC844B /* GetAllCurrenciesTests.swift */,
				E72DC09DBD6E2337847FDAF2 /* GetLast30ExchangeRatesTests.swift */,
			);
			path = Tests;
			sourceTree = "<group>";
		};
		8F23D5011891D2D469C193A2 /* Stub */ = {
			isa = PBXGroup;
			children = (
				B2289B72D13571904D7EAB44 /* ApiClientStub.swift */,
			);
			path = Stub;
			sourceTree = "<group>";
		};
		A451219C461C373222F4B4E1 /* Preview Content */ = {
			isa = PBXGroup;
			children = (
				5D0E89F94E336AA7E61109B0 /* Preview Assets.xcassets */,
			);
			path = "Preview Content";
			sourceTree = "<group>";
		};
		DF20D42BD21D1F59E94906D8 /* Extensions */ = {
			isa = PBXGroup;
			children = (
				783AA8B94CBEC2DAE739F892 /* Decodable+Extensions.swift */,
				B3A1D5E127BB16650C82016E /* URLRequest+ExpressibleByStringLiteral.swift */,
			);
			path = Extensions;
			sourceTree = "<group>";
		};
		E9C3DB3EC6D7655028A9C0D3 /* Products */ = {
			isa = PBXGroup;
			children = (
				49D88A349FD70A9153DD2C03 /* App.app */,
				A6DE520BEE8E0A86AD32027C /* Networking.framework */,
				2AD26C43B70167A3B4785C0A /* NetworkingTests.xctest */,
			);
			name = Products;
			sourceTree = "<group>";
		};
		EA9E631D951F7F874B407A80 /* Injection */ = {
			isa = PBXGroup;
			children = (
				3A2CC419A9BB5D4DF2839657 /* Networking.swift */,
			);
			path = Injection;
			sourceTree = "<group>";
		};
		F7564104E5288B3BF50E3C88 /* Resources */ = {
			isa = PBXGroup;
			children = (
				85CC23091C2EF0B03B18C976 /* GetAllCurrencies.json */,
				8B669DACBE536B695E5B0772 /* GetLast30ExchangeRates.json */,
			);
			path = Resources;
			sourceTree = "<group>";
		};
/* End PBXGroup section */

/* Begin PBXNativeTarget section */
		81ECD9C4715F4B7F5E4DF21B /* Networking */ = {
			isa = PBXNativeTarget;
			buildConfigurationList = A5E7631553B228DAC4319E13 /* Build configuration list for PBXNativeTarget "Networking" */;
			buildPhases = (
				5079FFEEF5DA15F162BC47F5 /* Sources */,
				3E46E6B360EE95A87E81F3E6 /* Resources */,
			);
			buildRules = (
			);
			dependencies = (
			);
			name = Networking;
			productName = Networking;
			productReference = A6DE520BEE8E0A86AD32027C /* Networking.framework */;
			productType = "com.apple.product-type.framework";
		};
		8CFCF92174E16FCAB6FA625B /* NetworkingTests */ = {
			isa = PBXNativeTarget;
			buildConfigurationList = 41713117F6984269AC215876 /* Build configuration list for PBXNativeTarget "NetworkingTests" */;
			buildPhases = (
				CE9BA57EC348511C151F8FB7 /* Sources */,
				7EAF5BB01D2809730B0B5828 /* Resources */,
			);
			buildRules = (
			);
			dependencies = (
			);
			name = NetworkingTests;
			productName = NetworkingTests;
			productReference = 2AD26C43B70167A3B4785C0A /* NetworkingTests.xctest */;
			productType = "com.apple.product-type.bundle.unit-test";
		};
		93E9E330FC2CE7458D9C925F /* App */ = {
			isa = PBXNativeTarget;
			buildConfigurationList = FFC1863BD4026D2C17CBE82B /* Build configuration list for PBXNativeTarget "App" */;
			buildPhases = (
				B77F0AF073564580D75A2CF1 /* Sources */,
				37BFF6A8CB5CC7FA21AD3FA3 /* Resources */,
				BC0DC3536DED64E0E8C9923E /* Frameworks */,
			);
			buildRules = (
			);
			dependencies = (
				F16935DCB6A22CC62B6963C6 /* PBXTargetDependency */,
			);
			name = App;
			productName = App;
			productReference = 49D88A349FD70A9153DD2C03 /* App.app */;
			productType = "com.apple.product-type.application";
		};
/* End PBXNativeTarget section */

/* Begin PBXProject section */
		6B590BF25178DC7D824D09CE /* Project object */ = {
			isa = PBXProject;
			attributes = {
				LastUpgradeCheck = 1200;
				TargetAttributes = {
				};
			};
			buildConfigurationList = B3FD05C59F197F398A0B04AB /* Build configuration list for PBXProject "App" */;
			compatibilityVersion = "Xcode 10.0";
			developmentRegion = en;
			hasScannedForEncodings = 0;
			knownRegions = (
				Base,
				en,
			);
			mainGroup = 4102E3E068508DD683953C7D;
			projectDirPath = "";
			projectRoot = "";
			targets = (
				93E9E330FC2CE7458D9C925F /* App */,
				81ECD9C4715F4B7F5E4DF21B /* Networking */,
				8CFCF92174E16FCAB6FA625B /* NetworkingTests */,
			);
		};
/* End PBXProject section */

/* Begin PBXResourcesBuildPhase section */
		37BFF6A8CB5CC7FA21AD3FA3 /* Resources */ = {
			isa = PBXResourcesBuildPhase;
			buildActionMask = 2147483647;
			files = (
				3FB3C8C0634A765EE81D042E /* Assets.xcassets in Resources */,
				0FC6CC5C7235615BFB91541D /* Preview Assets.xcassets in Resources */,
			);
			runOnlyForDeploymentPostprocessing = 0;
		};
		3E46E6B360EE95A87E81F3E6 /* Resources */ = {
			isa = PBXResourcesBuildPhase;
			buildActionMask = 2147483647;
			files = (
				DE813872066B4387DA73D4B2 /* GetAllCurrencies.json in Resources */,
				95779CB158CD24CE49ECACC1 /* GetLast30ExchangeRates.json in Resources */,
			);
			runOnlyForDeploymentPostprocessing = 0;
		};
		7EAF5BB01D2809730B0B5828 /* Resources */ = {
			isa = PBXResourcesBuildPhase;
			buildActionMask = 2147483647;
			files = (
				FC42F7EA38892CBA5FC01DC9 /* GetAllCurrencies.json in Resources */,
				2A7412213435087D7CC92D47 /* GetLast30ExchangeRates.json in Resources */,
			);
			runOnlyForDeploymentPostprocessing = 0;
		};
/* End PBXResourcesBuildPhase section */

/* Begin PBXSourcesBuildPhase section */
		5079FFEEF5DA15F162BC47F5 /* Sources */ = {
			isa = PBXSourcesBuildPhase;
			buildActionMask = 2147483647;
			files = (
				52C676EC8F8D1F97829064DD /* ApiClient.swift in Sources */,
				536A0124AEE8238F94682478 /* ApiClientStub.swift in Sources */,
				66D7E766B3B218BC3C4AC90D /* Decodable+Extensions.swift in Sources */,
				44CEACF7658682A3D5AC07C8 /* GetAllCurrencies.swift in Sources */,
				666750B981099CB89F932D61 /* GetLast30ExchangeRates.swift in Sources */,
				17CFD59F105C2A9F95A87BC5 /* Networking.swift in Sources */,
				6875F00AE665E4D4D1F4260A /* URLRequest+ExpressibleByStringLiteral.swift in Sources */,
			);
			runOnlyForDeploymentPostprocessing = 0;
		};
		B77F0AF073564580D75A2CF1 /* Sources */ = {
			isa = PBXSourcesBuildPhase;
			buildActionMask = 2147483647;
			files = (
				301FBC8EDBE41F9BCFA28802 /* ContentView.swift in Sources */,
				AF1287A53ABD1ACF26047035 /* WalutatorApp.swift in Sources */,
			);
			runOnlyForDeploymentPostprocessing = 0;
		};
		CE9BA57EC348511C151F8FB7 /* Sources */ = {
			isa = PBXSourcesBuildPhase;
			buildActionMask = 2147483647;
			files = (
				2A5DECC064A3821E9CF8E7DA /* ApiClientProtocol+Support.swift in Sources */,
				00D3BF14980FCAC8BEE3C591 /* Expectations.swift in Sources */,
				B28F0D3C294DC04CA37D9805 /* GetAllCurrenciesTests.swift in Sources */,
				B4D4D186D2E47349E58B5223 /* GetLast30ExchangeRatesTests.swift in Sources */,
			);
			runOnlyForDeploymentPostprocessing = 0;
		};
/* End PBXSourcesBuildPhase section */

/* Begin PBXTargetDependency section */
		F16935DCB6A22CC62B6963C6 /* PBXTargetDependency */ = {
			isa = PBXTargetDependency;
			target = 81ECD9C4715F4B7F5E4DF21B /* Networking */;
			targetProxy = C568E7035ABD91A55DFA5B41 /* PBXContainerItemProxy */;
		};
/* End PBXTargetDependency section */

/* Begin XCBuildConfiguration section */
		0EBAFD15C905779758AB347A /* Release */ = {
			isa = XCBuildConfiguration;
			buildSettings = {
				CODE_SIGN_IDENTITY = "";
				CURRENT_PROJECT_VERSION = 1;
				DEFINES_MODULE = YES;
				DYLIB_COMPATIBILITY_VERSION = 1;
				DYLIB_CURRENT_VERSION = 1;
				DYLIB_INSTALL_NAME_BASE = "@rpath";
				INSTALL_PATH = "$(LOCAL_LIBRARY_DIR)/Frameworks";
				LD_RUNPATH_SEARCH_PATHS = (
					"$(inherited)",
					"@executable_path/Frameworks",
				);
				PRODUCT_BUNDLE_IDENTIFIER = tomasz.korab.App.Networking;
				SDKROOT = iphoneos;
				SKIP_INSTALL = YES;
				TARGETED_DEVICE_FAMILY = "1,2";
				VERSIONING_SYSTEM = "apple-generic";
			};
			name = Release;
		};
		1CF651D11D145A115ABA91FA /* Testing */ = {
			isa = XCBuildConfiguration;
			buildSettings = {
				ASSETCATALOG_COMPILER_APPICON_NAME = AppIcon;
				CODE_SIGN_IDENTITY = "iPhone Developer";
				INFOPLIST_FILE = App/Info.plist;
				LD_RUNPATH_SEARCH_PATHS = (
					"$(inherited)",
					"@executable_path/Frameworks",
				);
				PRODUCT_BUNDLE_IDENTIFIER = tomasz.korab.App.App;
				SDKROOT = iphoneos;
				TARGETED_DEVICE_FAMILY = "1,2";
			};
			name = Testing;
		};
		269251DBAF87E336B8806600 /* Release */ = {
			isa = XCBuildConfiguration;
			buildSettings = {
				BUNDLE_LOADER = "$(TEST_HOST)";
				LD_RUNPATH_SEARCH_PATHS = (
					"$(inherited)",
					"@executable_path/Frameworks",
					"@loader_path/Frameworks",
				);
				PRODUCT_BUNDLE_IDENTIFIER = tomasz.korab.App.NetworkingTests;
				SDKROOT = iphoneos;
				TARGETED_DEVICE_FAMILY = "1,2";
			};
			name = Release;
		};
		4A0C935808978B5A7673E412 /* Debug */ = {
			isa = XCBuildConfiguration;
			buildSettings = {
				ASSETCATALOG_COMPILER_APPICON_NAME = AppIcon;
				CODE_SIGN_IDENTITY = "iPhone Developer";
				INFOPLIST_FILE = App/Info.plist;
				LD_RUNPATH_SEARCH_PATHS = (
					"$(inherited)",
					"@executable_path/Frameworks",
				);
				PRODUCT_BUNDLE_IDENTIFIER = tomasz.korab.App.App;
				SDKROOT = iphoneos;
				TARGETED_DEVICE_FAMILY = "1,2";
			};
			name = Debug;
		};
		5BBF8353EAEAEEDBDE0AA2D8 /* Testing */ = {
			isa = XCBuildConfiguration;
			buildSettings = {
				BUNDLE_LOADER = "$(TEST_HOST)";
				LD_RUNPATH_SEARCH_PATHS = (
					"$(inherited)",
					"@executable_path/Frameworks",
					"@loader_path/Frameworks",
				);
				PRODUCT_BUNDLE_IDENTIFIER = tomasz.korab.App.NetworkingTests;
				SDKROOT = iphoneos;
				TARGETED_DEVICE_FAMILY = "1,2";
			};
			name = Testing;
		};
		5C9EF0E6AF4F9491454DE177 /* Release */ = {
			isa = XCBuildConfiguration;
			buildSettings = {
				ALWAYS_SEARCH_USER_PATHS = NO;
				CLANG_ANALYZER_NONNULL = YES;
				CLANG_ANALYZER_NUMBER_OBJECT_CONVERSION = YES_AGGRESSIVE;
				CLANG_CXX_LANGUAGE_STANDARD = "gnu++14";
				CLANG_CXX_LIBRARY = "libc++";
				CLANG_ENABLE_MODULES = YES;
				CLANG_ENABLE_OBJC_ARC = YES;
				CLANG_ENABLE_OBJC_WEAK = YES;
				CLANG_WARN_BLOCK_CAPTURE_AUTORELEASING = YES;
				CLANG_WARN_BOOL_CONVERSION = YES;
				CLANG_WARN_COMMA = YES;
				CLANG_WARN_CONSTANT_CONVERSION = YES;
				CLANG_WARN_DEPRECATED_OBJC_IMPLEMENTATIONS = YES;
				CLANG_WARN_DIRECT_OBJC_ISA_USAGE = YES_ERROR;
				CLANG_WARN_DOCUMENTATION_COMMENTS = YES;
				CLANG_WARN_EMPTY_BODY = YES;
				CLANG_WARN_ENUM_CONVERSION = YES;
				CLANG_WARN_INFINITE_RECURSION = YES;
				CLANG_WARN_INT_CONVERSION = YES;
				CLANG_WARN_NON_LITERAL_NULL_CONVERSION = YES;
				CLANG_WARN_OBJC_IMPLICIT_RETAIN_SELF = YES;
				CLANG_WARN_OBJC_LITERAL_CONVERSION = YES;
				CLANG_WARN_OBJC_ROOT_CLASS = YES_ERROR;
				CLANG_WARN_QUOTED_INCLUDE_IN_FRAMEWORK_HEADER = YES;
				CLANG_WARN_RANGE_LOOP_ANALYSIS = YES;
				CLANG_WARN_STRICT_PROTOTYPES = YES;
				CLANG_WARN_SUSPICIOUS_MOVE = YES;
				CLANG_WARN_UNGUARDED_AVAILABILITY = YES_AGGRESSIVE;
				CLANG_WARN_UNREACHABLE_CODE = YES;
				CLANG_WARN__DUPLICATE_METHOD_MATCH = YES;
				COPY_PHASE_STRIP = NO;
				DEBUG_INFORMATION_FORMAT = "dwarf-with-dsym";
				ENABLE_NS_ASSERTIONS = NO;
				ENABLE_STRICT_OBJC_MSGSEND = YES;
				GCC_C_LANGUAGE_STANDARD = gnu11;
				GCC_NO_COMMON_BLOCKS = YES;
				GCC_WARN_64_TO_32_BIT_CONVERSION = YES;
				GCC_WARN_ABOUT_RETURN_TYPE = YES_ERROR;
				GCC_WARN_UNDECLARED_SELECTOR = YES;
				GCC_WARN_UNINITIALIZED_AUTOS = YES_AGGRESSIVE;
				GCC_WARN_UNUSED_FUNCTION = YES;
				GCC_WARN_UNUSED_VARIABLE = YES;
				MTL_ENABLE_DEBUG_INFO = NO;
				MTL_FAST_MATH = YES;
				PRODUCT_NAME = "$(TARGET_NAME)";
				SDKROOT = iphoneos;
				SWIFT_COMPILATION_MODE = wholemodule;
				SWIFT_OPTIMIZATION_LEVEL = "-O";
				SWIFT_VERSION = 5.0;
			};
			name = Release;
		};
		68B98997400B36FC9BA4DA8B /* Testing */ = {
			isa = XCBuildConfiguration;
			buildSettings = {
				ALWAYS_SEARCH_USER_PATHS = NO;
				CLANG_ANALYZER_NONNULL = YES;
				CLANG_ANALYZER_NUMBER_OBJECT_CONVERSION = YES_AGGRESSIVE;
				CLANG_CXX_LANGUAGE_STANDARD = "gnu++14";
				CLANG_CXX_LIBRARY = "libc++";
				CLANG_ENABLE_MODULES = YES;
				CLANG_ENABLE_OBJC_ARC = YES;
				CLANG_ENABLE_OBJC_WEAK = YES;
				CLANG_WARN_BLOCK_CAPTURE_AUTORELEASING = YES;
				CLANG_WARN_BOOL_CONVERSION = YES;
				CLANG_WARN_COMMA = YES;
				CLANG_WARN_CONSTANT_CONVERSION = YES;
				CLANG_WARN_DEPRECATED_OBJC_IMPLEMENTATIONS = YES;
				CLANG_WARN_DIRECT_OBJC_ISA_USAGE = YES_ERROR;
				CLANG_WARN_DOCUMENTATION_COMMENTS = YES;
				CLANG_WARN_EMPTY_BODY = YES;
				CLANG_WARN_ENUM_CONVERSION = YES;
				CLANG_WARN_INFINITE_RECURSION = YES;
				CLANG_WARN_INT_CONVERSION = YES;
				CLANG_WARN_NON_LITERAL_NULL_CONVERSION = YES;
				CLANG_WARN_OBJC_IMPLICIT_RETAIN_SELF = YES;
				CLANG_WARN_OBJC_LITERAL_CONVERSION = YES;
				CLANG_WARN_OBJC_ROOT_CLASS = YES_ERROR;
				CLANG_WARN_QUOTED_INCLUDE_IN_FRAMEWORK_HEADER = YES;
				CLANG_WARN_RANGE_LOOP_ANALYSIS = YES;
				CLANG_WARN_STRICT_PROTOTYPES = YES;
				CLANG_WARN_SUSPICIOUS_MOVE = YES;
				CLANG_WARN_UNGUARDED_AVAILABILITY = YES_AGGRESSIVE;
				CLANG_WARN_UNREACHABLE_CODE = YES;
				CLANG_WARN__DUPLICATE_METHOD_MATCH = YES;
				COPY_PHASE_STRIP = NO;
				DEBUG_INFORMATION_FORMAT = dwarf;
				ENABLE_STRICT_OBJC_MSGSEND = YES;
				ENABLE_TESTABILITY = YES;
				GCC_C_LANGUAGE_STANDARD = gnu11;
				GCC_DYNAMIC_NO_PIC = NO;
				GCC_NO_COMMON_BLOCKS = YES;
				GCC_OPTIMIZATION_LEVEL = 0;
				GCC_PREPROCESSOR_DEFINITIONS = (
					"$(inherited)",
					"DEBUG=1",
				);
				GCC_WARN_64_TO_32_BIT_CONVERSION = YES;
				GCC_WARN_ABOUT_RETURN_TYPE = YES_ERROR;
				GCC_WARN_UNDECLARED_SELECTOR = YES;
				GCC_WARN_UNINITIALIZED_AUTOS = YES_AGGRESSIVE;
				GCC_WARN_UNUSED_FUNCTION = YES;
				GCC_WARN_UNUSED_VARIABLE = YES;
				MTL_ENABLE_DEBUG_INFO = INCLUDE_SOURCE;
				MTL_FAST_MATH = YES;
				ONLY_ACTIVE_ARCH = YES;
				PRODUCT_NAME = "$(TARGET_NAME)";
				SDKROOT = iphoneos;
				SWIFT_ACTIVE_COMPILATION_CONDITIONS = "DEBUG TESTING";
				SWIFT_OPTIMIZATION_LEVEL = "-Onone";
				SWIFT_VERSION = 5.0;
			};
			name = Testing;
		};
		C90F350D31D101C650F60DCC /* Testing */ = {
			isa = XCBuildConfiguration;
			buildSettings = {
				CODE_SIGN_IDENTITY = "";
				CURRENT_PROJECT_VERSION = 1;
				DEFINES_MODULE = YES;
				DYLIB_COMPATIBILITY_VERSION = 1;
				DYLIB_CURRENT_VERSION = 1;
				DYLIB_INSTALL_NAME_BASE = "@rpath";
				INSTALL_PATH = "$(LOCAL_LIBRARY_DIR)/Frameworks";
				LD_RUNPATH_SEARCH_PATHS = (
					"$(inherited)",
					"@executable_path/Frameworks",
				);
				PRODUCT_BUNDLE_IDENTIFIER = tomasz.korab.App.Networking;
				SDKROOT = iphoneos;
				SKIP_INSTALL = YES;
				TARGETED_DEVICE_FAMILY = "1,2";
				VERSIONING_SYSTEM = "apple-generic";
			};
			name = Testing;
		};
		D191F577EACFA6CED3BEEDB2 /* Debug */ = {
			isa = XCBuildConfiguration;
			buildSettings = {
				BUNDLE_LOADER = "$(TEST_HOST)";
				LD_RUNPATH_SEARCH_PATHS = (
					"$(inherited)",
					"@executable_path/Frameworks",
					"@loader_path/Frameworks",
				);
				PRODUCT_BUNDLE_IDENTIFIER = tomasz.korab.App.NetworkingTests;
				SDKROOT = iphoneos;
				TARGETED_DEVICE_FAMILY = "1,2";
			};
			name = Debug;
		};
		EB1CC3A930E09FEBECF9195D /* Release */ = {
			isa = XCBuildConfiguration;
			buildSettings = {
				ASSETCATALOG_COMPILER_APPICON_NAME = AppIcon;
				CODE_SIGN_IDENTITY = "iPhone Developer";
				INFOPLIST_FILE = App/Info.plist;
				LD_RUNPATH_SEARCH_PATHS = (
					"$(inherited)",
					"@executable_path/Frameworks",
				);
				PRODUCT_BUNDLE_IDENTIFIER = tomasz.korab.App.App;
				SDKROOT = iphoneos;
				TARGETED_DEVICE_FAMILY = "1,2";
			};
			name = Release;
		};
		F07E9D32332E43E7D9EED689 /* Debug */ = {
			isa = XCBuildConfiguration;
			buildSettings = {
				CODE_SIGN_IDENTITY = "";
				CURRENT_PROJECT_VERSION = 1;
				DEFINES_MODULE = YES;
				DYLIB_COMPATIBILITY_VERSION = 1;
				DYLIB_CURRENT_VERSION = 1;
				DYLIB_INSTALL_NAME_BASE = "@rpath";
				INSTALL_PATH = "$(LOCAL_LIBRARY_DIR)/Frameworks";
				LD_RUNPATH_SEARCH_PATHS = (
					"$(inherited)",
					"@executable_path/Frameworks",
				);
				PRODUCT_BUNDLE_IDENTIFIER = tomasz.korab.App.Networking;
				SDKROOT = iphoneos;
				SKIP_INSTALL = YES;
				TARGETED_DEVICE_FAMILY = "1,2";
				VERSIONING_SYSTEM = "apple-generic";
			};
			name = Debug;
		};
		F61063B78755D98B1B9C3697 /* Debug */ = {
			isa = XCBuildConfiguration;
			buildSettings = {
				ALWAYS_SEARCH_USER_PATHS = NO;
				CLANG_ANALYZER_NONNULL = YES;
				CLANG_ANALYZER_NUMBER_OBJECT_CONVERSION = YES_AGGRESSIVE;
				CLANG_CXX_LANGUAGE_STANDARD = "gnu++14";
				CLANG_CXX_LIBRARY = "libc++";
				CLANG_ENABLE_MODULES = YES;
				CLANG_ENABLE_OBJC_ARC = YES;
				CLANG_ENABLE_OBJC_WEAK = YES;
				CLANG_WARN_BLOCK_CAPTURE_AUTORELEASING = YES;
				CLANG_WARN_BOOL_CONVERSION = YES;
				CLANG_WARN_COMMA = YES;
				CLANG_WARN_CONSTANT_CONVERSION = YES;
				CLANG_WARN_DEPRECATED_OBJC_IMPLEMENTATIONS = YES;
				CLANG_WARN_DIRECT_OBJC_ISA_USAGE = YES_ERROR;
				CLANG_WARN_DOCUMENTATION_COMMENTS = YES;
				CLANG_WARN_EMPTY_BODY = YES;
				CLANG_WARN_ENUM_CONVERSION = YES;
				CLANG_WARN_INFINITE_RECURSION = YES;
				CLANG_WARN_INT_CONVERSION = YES;
				CLANG_WARN_NON_LITERAL_NULL_CONVERSION = YES;
				CLANG_WARN_OBJC_IMPLICIT_RETAIN_SELF = YES;
				CLANG_WARN_OBJC_LITERAL_CONVERSION = YES;
				CLANG_WARN_OBJC_ROOT_CLASS = YES_ERROR;
				CLANG_WARN_QUOTED_INCLUDE_IN_FRAMEWORK_HEADER = YES;
				CLANG_WARN_RANGE_LOOP_ANALYSIS = YES;
				CLANG_WARN_STRICT_PROTOTYPES = YES;
				CLANG_WARN_SUSPICIOUS_MOVE = YES;
				CLANG_WARN_UNGUARDED_AVAILABILITY = YES_AGGRESSIVE;
				CLANG_WARN_UNREACHABLE_CODE = YES;
				CLANG_WARN__DUPLICATE_METHOD_MATCH = YES;
				COPY_PHASE_STRIP = NO;
				DEBUG_INFORMATION_FORMAT = dwarf;
				ENABLE_STRICT_OBJC_MSGSEND = YES;
				ENABLE_TESTABILITY = YES;
				GCC_C_LANGUAGE_STANDARD = gnu11;
				GCC_DYNAMIC_NO_PIC = NO;
				GCC_NO_COMMON_BLOCKS = YES;
				GCC_OPTIMIZATION_LEVEL = 0;
				GCC_PREPROCESSOR_DEFINITIONS = (
					"$(inherited)",
					"DEBUG=1",
				);
				GCC_WARN_64_TO_32_BIT_CONVERSION = YES;
				GCC_WARN_ABOUT_RETURN_TYPE = YES_ERROR;
				GCC_WARN_UNDECLARED_SELECTOR = YES;
				GCC_WARN_UNINITIALIZED_AUTOS = YES_AGGRESSIVE;
				GCC_WARN_UNUSED_FUNCTION = YES;
				GCC_WARN_UNUSED_VARIABLE = YES;
				MTL_ENABLE_DEBUG_INFO = INCLUDE_SOURCE;
				MTL_FAST_MATH = YES;
				ONLY_ACTIVE_ARCH = YES;
				PRODUCT_NAME = "$(TARGET_NAME)";
				SDKROOT = iphoneos;
				SWIFT_ACTIVE_COMPILATION_CONDITIONS = DEBUG;
				SWIFT_OPTIMIZATION_LEVEL = "-Onone";
				SWIFT_VERSION = 5.0;
			};
			name = Debug;
		};
/* End XCBuildConfiguration section */

/* Begin XCConfigurationList section */
		41713117F6984269AC215876 /* Build configuration list for PBXNativeTarget "NetworkingTests" */ = {
			isa = XCConfigurationList;
			buildConfigurations = (
				D191F577EACFA6CED3BEEDB2 /* Debug */,
				269251DBAF87E336B8806600 /* Release */,
				5BBF8353EAEAEEDBDE0AA2D8 /* Testing */,
			);
			defaultConfigurationIsVisible = 0;
			defaultConfigurationName = Debug;
		};
		A5E7631553B228DAC4319E13 /* Build configuration list for PBXNativeTarget "Networking" */ = {
			isa = XCConfigurationList;
			buildConfigurations = (
				F07E9D32332E43E7D9EED689 /* Debug */,
				0EBAFD15C905779758AB347A /* Release */,
				C90F350D31D101C650F60DCC /* Testing */,
			);
			defaultConfigurationIsVisible = 0;
			defaultConfigurationName = Debug;
		};
		B3FD05C59F197F398A0B04AB /* Build configuration list for PBXProject "App" */ = {
			isa = XCConfigurationList;
			buildConfigurations = (
				F61063B78755D98B1B9C3697 /* Debug */,
				5C9EF0E6AF4F9491454DE177 /* Release */,
				68B98997400B36FC9BA4DA8B /* Testing */,
			);
			defaultConfigurationIsVisible = 0;
			defaultConfigurationName = Debug;
		};
		FFC1863BD4026D2C17CBE82B /* Build configuration list for PBXNativeTarget "App" */ = {
			isa = XCConfigurationList;
			buildConfigurations = (
				4A0C935808978B5A7673E412 /* Debug */,
				EB1CC3A930E09FEBECF9195D /* Release */,
				1CF651D11D145A115ABA91FA /* Testing */,
			);
			defaultConfigurationIsVisible = 0;
			defaultConfigurationName = Debug;
		};
/* End XCConfigurationList section */
	};
	rootObject = 6B590BF25178DC7D824D09CE /* Project object */;
}
